
Microsoft Visual Studio Solution File, Format Version 12.00
# Visual Studio Version 17
VisualStudioVersion = 17.8.34601.278
MinimumVisualStudioVersion = 10.0.40219.1
Project("{2150E333-8FDC-42A3-9474-1A3956D46DE8}") = "back-end", "back-end", "{73BE7455-1183-4EF0-829D-A914C68D801E}"
EndProject
Project("{2150E333-8FDC-42A3-9474-1A3956D46DE8}") = "front-end", "front-end", "{5474DB7B-F943-4008-B916-115F88417ADF}"
EndProject
Project("{FAE04EC0-301F-11D3-BF4B-00C04F79EFBC}") = "back-end", "Back-end\back-end.csproj", "{DF46A26A-EEC4-4869-B291-930EA5626B44}"
EndProject
Project("{FAE04EC0-301F-11D3-BF4B-00C04F79EFBC}") = "front-end", "front-end\front-end.csproj", "{5DE1BCE5-16B9-4D9A-B78D-3BCF19C322FA}"
EndProject
Global
	GlobalSection(SolutionConfigurationPlatforms) = preSolution
		Debug|Any CPU = Debug|Any CPU
		Release|Any CPU = Release|Any CPU
	EndGlobalSection
	GlobalSection(ProjectConfigurationPlatforms) = postSolution
		{DF46A26A-EEC4-4869-B291-930EA5626B44}.Debug|Any CPU.ActiveCfg = Debug|Any CPU
		{DF46A26A-EEC4-4869-B291-930EA5626B44}.Debug|Any CPU.Build.0 = Debug|Any CPU
		{DF46A26A-EEC4-4869-B291-930EA5626B44}.Release|Any CPU.ActiveCfg = Release|Any CPU
		{DF46A26A-EEC4-4869-B291-930EA5626B44}.Release|Any CPU.Build.0 = Release|Any CPU
		{5DE1BCE5-16B9-4D9A-B78D-3BCF19C322FA}.Debug|Any CPU.ActiveCfg = Debug|Any CPU
		{5DE1BCE5-16B9-4D9A-B78D-3BCF19C322FA}.Debug|Any CPU.Build.0 = Debug|Any CPU
		{5DE1BCE5-16B9-4D9A-B78D-3BCF19C322FA}.Release|Any CPU.ActiveCfg = Release|Any CPU
		{5DE1BCE5-16B9-4D9A-B78D-3BCF19C322FA}.Release|Any CPU.Build.0 = Release|Any CPU
	EndGlobalSection
	GlobalSection(SolutionProperties) = preSolution
		HideSolutionNode = FALSE
	EndGlobalSection
	GlobalSection(NestedProjects) = preSolution
		{DF46A26A-EEC4-4869-B291-930EA5626B44} = {73BE7455-1183-4EF0-829D-A914C68D801E}
		{5DE1BCE5-16B9-4D9A-B78D-3BCF19C322FA} = {5474DB7B-F943-4008-B916-115F88417ADF}
	EndGlobalSection
	GlobalSection(ExtensibilityGlobals) = postSolution
		SolutionGuid = {6EEFA176-CF00-4837-9737-B49DFF306BEC}
	EndGlobalSection
EndGlobal
